// !$*UTF8*$!
{
	archiveVersion = 1;
	classes = {
	};
	objectVersion = 77;
	objects = {

/* Begin PBXBuildFile section */
		7B08B0922D813DDD0012FC23 /* HomeViewController.swift in Sources */ = {isa = PBXBuildFile; fileRef = 7B08B0912D813DDD0012FC23 /* HomeViewController.swift */; };
		7B08B0A22D8151300012FC23 /* HeaderView.swift in Sources */ = {isa = PBXBuildFile; fileRef = 7B08B0A12D8151300012FC23 /* HeaderView.swift */; };
		7B08B0A42D8151500012FC23 /* RecommendView.swift in Sources */ = {isa = PBXBuildFile; fileRef = 7B08B0A32D8151500012FC23 /* RecommendView.swift */; };
		7B08B0A62D8155F90012FC23 /* Color+Extension.swift in Sources */ = {isa = PBXBuildFile; fileRef = 7B08B0A52D8155F90012FC23 /* Color+Extension.swift */; };
		7B08B0A82D815F2E0012FC23 /* SegmentView.swift in Sources */ = {isa = PBXBuildFile; fileRef = 7B08B0A72D815F2E0012FC23 /* SegmentView.swift */; };
		7B08B0B22D8161C00012FC23 /* FacilityViewController.swift in Sources */ = {isa = PBXBuildFile; fileRef = 7B08B0B02D8161C00012FC23 /* FacilityViewController.swift */; };
		7B08B0B72D8161CD0012FC23 /* EquipmentViewController.swift in Sources */ = {isa = PBXBuildFile; fileRef = 7B08B0B52D8161CD0012FC23 /* EquipmentViewController.swift */; };
		7B08B0BD2D8164780012FC23 /* ReservationView.swift in Sources */ = {isa = PBXBuildFile; fileRef = 7B08B0BC2D8164780012FC23 /* ReservationView.swift */; };
		7B08B0BF2D81AC890012FC23 /* ReservationCardView.swift in Sources */ = {isa = PBXBuildFile; fileRef = 7B08B0BE2D81AC880012FC23 /* ReservationCardView.swift */; };
		7B4C746C2D81AD4B00D8E5E0 /* ReserveOtherView.swift in Sources */ = {isa = PBXBuildFile; fileRef = 7B4C746B2D81AD4A00D8E5E0 /* ReserveOtherView.swift */; };
		7B4C746E2D81B09000D8E5E0 /* AdvertisementView.swift in Sources */ = {isa = PBXBuildFile; fileRef = 7B4C746D2D81B09000D8E5E0 /* AdvertisementView.swift */; };
		7B9AB0F02D803F84008E469E /* Preview Assets.xcassets in Resources */ = {isa = PBXBuildFile; fileRef = 7B9AB0EA2D803F84008E469E /* Preview Assets.xcassets */; };
		7B9AB0F12D803F84008E469E /* Assets.xcassets in Resources */ = {isa = PBXBuildFile; fileRef = 7B9AB0EC2D803F84008E469E /* Assets.xcassets */; };
		7B9AB0F32D803F84008E469E /* SangSangBookApp.swift in Sources */ = {isa = PBXBuildFile; fileRef = 7B9AB0EE2D803F84008E469E /* SangSangBookApp.swift */; };
		CB0E4CDD4B5C5D23533487B1 /* Pods_SangSangBook.framework in Frameworks */ = {isa = PBXBuildFile; fileRef = DCB78D3CA7AFBF444507B1AF /* Pods_SangSangBook.framework */; };
/* End PBXBuildFile section */

/* Begin PBXFileReference section */
		74140CE26A4F9AB1B59829BC /* Pods-SangSangBook.release.xcconfig */ = {isa = PBXFileReference; includeInIndex = 1; lastKnownFileType = text.xcconfig; name = "Pods-SangSangBook.release.xcconfig"; path = "Target Support Files/Pods-SangSangBook/Pods-SangSangBook.release.xcconfig"; sourceTree = "<group>"; };
		7B08B0912D813DDD0012FC23 /* HomeViewController.swift */ = {isa = PBXFileReference; lastKnownFileType = sourcecode.swift; path = HomeViewController.swift; sourceTree = "<group>"; };
		7B08B0A12D8151300012FC23 /* HeaderView.swift */ = {isa = PBXFileReference; lastKnownFileType = sourcecode.swift; path = HeaderView.swift; sourceTree = "<group>"; };
		7B08B0A32D8151500012FC23 /* RecommendView.swift */ = {isa = PBXFileReference; lastKnownFileType = sourcecode.swift; path = RecommendView.swift; sourceTree = "<group>"; };
		7B08B0A52D8155F90012FC23 /* Color+Extension.swift */ = {isa = PBXFileReference; lastKnownFileType = sourcecode.swift; path = "Color+Extension.swift"; sourceTree = "<group>"; };
		7B08B0A72D815F2E0012FC23 /* SegmentView.swift */ = {isa = PBXFileReference; lastKnownFileType = sourcecode.swift; path = SegmentView.swift; sourceTree = "<group>"; };
		7B08B0B02D8161C00012FC23 /* FacilityViewController.swift */ = {isa = PBXFileReference; lastKnownFileType = sourcecode.swift; path = FacilityViewController.swift; sourceTree = "<group>"; };
		7B08B0B52D8161CD0012FC23 /* EquipmentViewController.swift */ = {isa = PBXFileReference; lastKnownFileType = sourcecode.swift; path = EquipmentViewController.swift; sourceTree = "<group>"; };
		7B08B0BC2D8164780012FC23 /* ReservationView.swift */ = {isa = PBXFileReference; lastKnownFileType = sourcecode.swift; path = ReservationView.swift; sourceTree = "<group>"; };
		7B08B0BE2D81AC880012FC23 /* ReservationCardView.swift */ = {isa = PBXFileReference; lastKnownFileType = sourcecode.swift; path = ReservationCardView.swift; sourceTree = "<group>"; };
		7B4C746B2D81AD4A00D8E5E0 /* ReserveOtherView.swift */ = {isa = PBXFileReference; lastKnownFileType = sourcecode.swift; path = ReserveOtherView.swift; sourceTree = "<group>"; };
		7B4C746D2D81B09000D8E5E0 /* AdvertisementView.swift */ = {isa = PBXFileReference; lastKnownFileType = sourcecode.swift; path = AdvertisementView.swift; sourceTree = "<group>"; };
		7B9AB0D92D803F74008E469E /* SangSangBook.app */ = {isa = PBXFileReference; explicitFileType = wrapper.application; includeInIndex = 0; path = SangSangBook.app; sourceTree = BUILT_PRODUCTS_DIR; };
		7B9AB0EA2D803F84008E469E /* Preview Assets.xcassets */ = {isa = PBXFileReference; lastKnownFileType = folder.assetcatalog; path = "Preview Assets.xcassets"; sourceTree = "<group>"; };
		7B9AB0EC2D803F84008E469E /* Assets.xcassets */ = {isa = PBXFileReference; lastKnownFileType = folder.assetcatalog; path = Assets.xcassets; sourceTree = "<group>"; };
		7B9AB0EE2D803F84008E469E /* SangSangBookApp.swift */ = {isa = PBXFileReference; lastKnownFileType = sourcecode.swift; path = SangSangBookApp.swift; sourceTree = "<group>"; };
		ACDA431392E59171DEEAD41D /* Pods-SangSangBook.debug.xcconfig */ = {isa = PBXFileReference; includeInIndex = 1; lastKnownFileType = text.xcconfig; name = "Pods-SangSangBook.debug.xcconfig"; path = "Target Support Files/Pods-SangSangBook/Pods-SangSangBook.debug.xcconfig"; sourceTree = "<group>"; };
		DCB78D3CA7AFBF444507B1AF /* Pods_SangSangBook.framework */ = {isa = PBXFileReference; explicitFileType = wrapper.framework; includeInIndex = 0; path = Pods_SangSangBook.framework; sourceTree = BUILT_PRODUCTS_DIR; };
/* End PBXFileReference section */

/* Begin PBXFrameworksBuildPhase section */
		7B9AB0D62D803F74008E469E /* Frameworks */ = {
			isa = PBXFrameworksBuildPhase;
			buildActionMask = 2147483647;
			files = (
				CB0E4CDD4B5C5D23533487B1 /* Pods_SangSangBook.framework in Frameworks */,
			);
			runOnlyForDeploymentPostprocessing = 0;
		};
/* End PBXFrameworksBuildPhase section */

/* Begin PBXGroup section */
		7B08B0902D813DCE0012FC23 /* Home */ = {
			isa = PBXGroup;
			children = (
				7B08B0912D813DDD0012FC23 /* HomeViewController.swift */,
				7B08B0A72D815F2E0012FC23 /* SegmentView.swift */,
				7B08B0B12D8161C00012FC23 /* Facility */,
				7B08B0B62D8161CD0012FC23 /* Equipment */,
			);
			path = Home;
			sourceTree = "<group>";
		};
		7B08B0B12D8161C00012FC23 /* Facility */ = {
			isa = PBXGroup;
			children = (
				7B08B0B82D8161ED0012FC23 /* ViewController */,
				7B08B0B92D8161F30012FC23 /* View */,
			);
			path = Facility;
			sourceTree = "<group>";
		};
		7B08B0B62D8161CD0012FC23 /* Equipment */ = {
			isa = PBXGroup;
			children = (
				7B08B0BA2D8161FD0012FC23 /* ViewController */,
				7B08B0BB2D8162030012FC23 /* View */,
			);
			path = Equipment;
			sourceTree = "<group>";
		};
		7B08B0B82D8161ED0012FC23 /* ViewController */ = {
			isa = PBXGroup;
			children = (
				7B08B0B02D8161C00012FC23 /* FacilityViewController.swift */,
			);
			path = ViewController;
			sourceTree = "<group>";
		};
		7B08B0B92D8161F30012FC23 /* View */ = {
			isa = PBXGroup;
			children = (
				7B08B0A32D8151500012FC23 /* RecommendView.swift */,
				7B08B0BC2D8164780012FC23 /* ReservationView.swift */,
				7B4C746B2D81AD4A00D8E5E0 /* ReserveOtherView.swift */,
				7B4C746D2D81B09000D8E5E0 /* AdvertisementView.swift */,
			);
			path = View;
			sourceTree = "<group>";
		};
		7B08B0BA2D8161FD0012FC23 /* ViewController */ = {
			isa = PBXGroup;
			children = (
				7B08B0B52D8161CD0012FC23 /* EquipmentViewController.swift */,
			);
			path = ViewController;
			sourceTree = "<group>";
		};
		7B08B0BB2D8162030012FC23 /* View */ = {
			isa = PBXGroup;
			children = (
			);
			path = View;
			sourceTree = "<group>";
		};
		7B9AB0D02D803F74008E469E = {
			isa = PBXGroup;
			children = (
				7B9AB0EF2D803F84008E469E /* SangSangBook */,
				7B9AB0DA2D803F74008E469E /* Products */,
				A2A041B30081A13724D3859D /* Pods */,
				99B4CCA9EE52AE6A5D41055F /* Frameworks */,
			);
			sourceTree = "<group>";
		};
		7B9AB0DA2D803F74008E469E /* Products */ = {
			isa = PBXGroup;
			children = (
				7B9AB0D92D803F74008E469E /* SangSangBook.app */,
			);
			name = Products;
			sourceTree = "<group>";
		};
		7B9AB0EB2D803F84008E469E /* Preview Content */ = {
			isa = PBXGroup;
			children = (
				7B9AB0EA2D803F84008E469E /* Preview Assets.xcassets */,
			);
			path = "Preview Content";
			sourceTree = "<group>";
		};
		7B9AB0EF2D803F84008E469E /* SangSangBook */ = {
			isa = PBXGroup;
			children = (
				7B9AB39D2D803FC3008E469E /* App */,
				7B9AB39C2D803FBB008E469E /* Component */,
				7B9AB39B2D803FB7008E469E /* Core */,
				7B9AB39A2D803FB1008E469E /* Screen */,
				7B9AB3992D803FAA008E469E /* Models */,
				7B9AB39E2D804081008E469E /* Resources */,
				7B9AB0EB2D803F84008E469E /* Preview Content */,
			);
			path = SangSangBook;
			sourceTree = "<group>";
		};
		7B9AB3992D803FAA008E469E /* Models */ = {
			isa = PBXGroup;
			children = (
			);
			path = Models;
			sourceTree = "<group>";
		};
		7B9AB39A2D803FB1008E469E /* Screen */ = {
			isa = PBXGroup;
			children = (
				7B08B0902D813DCE0012FC23 /* Home */,
			);
			path = Screen;
			sourceTree = "<group>";
		};
		7B9AB39B2D803FB7008E469E /* Core */ = {
			isa = PBXGroup;
			children = (
				7B08B0A52D8155F90012FC23 /* Color+Extension.swift */,
			);
			path = Core;
			sourceTree = "<group>";
		};
		7B9AB39C2D803FBB008E469E /* Component */ = {
			isa = PBXGroup;
			children = (
				7B08B0A12D8151300012FC23 /* HeaderView.swift */,
				7B08B0BE2D81AC880012FC23 /* ReservationCardView.swift */,
			);
			path = Component;
			sourceTree = "<group>";
		};
		7B9AB39D2D803FC3008E469E /* App */ = {
			isa = PBXGroup;
			children = (
				7B9AB0EE2D803F84008E469E /* SangSangBookApp.swift */,
			);
			path = App;
			sourceTree = "<group>";
		};
		7B9AB39E2D804081008E469E /* Resources */ = {
			isa = PBXGroup;
			children = (
				7B9AB0EC2D803F84008E469E /* Assets.xcassets */,
			);
			path = Resources;
			sourceTree = "<group>";
		};
		99B4CCA9EE52AE6A5D41055F /* Frameworks */ = {
			isa = PBXGroup;
			children = (
				DCB78D3CA7AFBF444507B1AF /* Pods_SangSangBook.framework */,
			);
			name = Frameworks;
			sourceTree = "<group>";
		};
		A2A041B30081A13724D3859D /* Pods */ = {
			isa = PBXGroup;
			children = (
				ACDA431392E59171DEEAD41D /* Pods-SangSangBook.debug.xcconfig */,
				74140CE26A4F9AB1B59829BC /* Pods-SangSangBook.release.xcconfig */,
			);
			path = Pods;
			sourceTree = "<group>";
		};
/* End PBXGroup section */

/* Begin PBXNativeTarget section */
		7B9AB0D82D803F74008E469E /* SangSangBook */ = {
			isa = PBXNativeTarget;
			buildConfigurationList = 7B9AB0E72D803F76008E469E /* Build configuration list for PBXNativeTarget "SangSangBook" */;
			buildPhases = (
				4507C44B421FE025083A03D0 /* [CP] Check Pods Manifest.lock */,
				7B9AB0D52D803F74008E469E /* Sources */,
				7B9AB0D62D803F74008E469E /* Frameworks */,
				7B9AB0D72D803F74008E469E /* Resources */,
				6BFF08ACB3C72E652550BDD9 /* [CP] Embed Pods Frameworks */,
			);
			buildRules = (
			);
			dependencies = (
			);
			name = SangSangBook;
			productName = SangSangBook;
			productReference = 7B9AB0D92D803F74008E469E /* SangSangBook.app */;
			productType = "com.apple.product-type.application";
		};
/* End PBXNativeTarget section */

/* Begin PBXProject section */
		7B9AB0D12D803F74008E469E /* Project object */ = {
			isa = PBXProject;
			attributes = {
				BuildIndependentTargetsInParallel = 1;
				LastSwiftUpdateCheck = 1620;
				LastUpgradeCheck = 1620;
				TargetAttributes = {
					7B9AB0D82D803F74008E469E = {
						CreatedOnToolsVersion = 16.2;
					};
				};
			};
			buildConfigurationList = 7B9AB0D42D803F74008E469E /* Build configuration list for PBXProject "SangSangBook" */;
			developmentRegion = en;
			hasScannedForEncodings = 0;
			knownRegions = (
				en,
				Base,
			);
			mainGroup = 7B9AB0D02D803F74008E469E;
			minimizedProjectReferenceProxies = 1;
			preferredProjectObjectVersion = 77;
			productRefGroup = 7B9AB0DA2D803F74008E469E /* Products */;
			projectDirPath = "";
			projectRoot = "";
			targets = (
				7B9AB0D82D803F74008E469E /* SangSangBook */,
			);
		};
/* End PBXProject section */

/* Begin PBXResourcesBuildPhase section */
		7B9AB0D72D803F74008E469E /* Resources */ = {
			isa = PBXResourcesBuildPhase;
			buildActionMask = 2147483647;
			files = (
				7B9AB0F02D803F84008E469E /* Preview Assets.xcassets in Resources */,
				7B9AB0F12D803F84008E469E /* Assets.xcassets in Resources */,
			);
			runOnlyForDeploymentPostprocessing = 0;
		};
/* End PBXResourcesBuildPhase section */

/* Begin PBXShellScriptBuildPhase section */
		4507C44B421FE025083A03D0 /* [CP] Check Pods Manifest.lock */ = {
			isa = PBXShellScriptBuildPhase;
			buildActionMask = 2147483647;
			files = (
			);
			inputFileListPaths = (
			);
			inputPaths = (
				"${PODS_PODFILE_DIR_PATH}/Podfile.lock",
				"${PODS_ROOT}/Manifest.lock",
			);
			name = "[CP] Check Pods Manifest.lock";
			outputFileListPaths = (
			);
			outputPaths = (
				"$(DERIVED_FILE_DIR)/Pods-SangSangBook-checkManifestLockResult.txt",
			);
			runOnlyForDeploymentPostprocessing = 0;
			shellPath = /bin/sh;
			shellScript = "diff \"${PODS_PODFILE_DIR_PATH}/Podfile.lock\" \"${PODS_ROOT}/Manifest.lock\" > /dev/null\nif [ $? != 0 ] ; then\n    # print error to STDERR\n    echo \"error: The sandbox is not in sync with the Podfile.lock. Run 'pod install' or update your CocoaPods installation.\" >&2\n    exit 1\nfi\n# This output is used by Xcode 'outputs' to avoid re-running this script phase.\necho \"SUCCESS\" > \"${SCRIPT_OUTPUT_FILE_0}\"\n";
			showEnvVarsInLog = 0;
		};
		6BFF08ACB3C72E652550BDD9 /* [CP] Embed Pods Frameworks */ = {
			isa = PBXShellScriptBuildPhase;
			buildActionMask = 2147483647;
			files = (
			);
			inputFileListPaths = (
				"${PODS_ROOT}/Target Support Files/Pods-SangSangBook/Pods-SangSangBook-frameworks-${CONFIGURATION}-input-files.xcfilelist",
			);
			name = "[CP] Embed Pods Frameworks";
			outputFileListPaths = (
				"${PODS_ROOT}/Target Support Files/Pods-SangSangBook/Pods-SangSangBook-frameworks-${CONFIGURATION}-output-files.xcfilelist",
			);
			runOnlyForDeploymentPostprocessing = 0;
			shellPath = /bin/sh;
			shellScript = "\"${PODS_ROOT}/Target Support Files/Pods-SangSangBook/Pods-SangSangBook-frameworks.sh\"\n";
			showEnvVarsInLog = 0;
		};
/* End PBXShellScriptBuildPhase section */

/* Begin PBXSourcesBuildPhase section */
		7B9AB0D52D803F74008E469E /* Sources */ = {
			isa = PBXSourcesBuildPhase;
			buildActionMask = 2147483647;
			files = (
				7B4C746E2D81B09000D8E5E0 /* AdvertisementView.swift in Sources */,
				7B4C746C2D81AD4B00D8E5E0 /* ReserveOtherView.swift in Sources */,
				7B08B0A62D8155F90012FC23 /* Color+Extension.swift in Sources */,
				7B08B0BD2D8164780012FC23 /* ReservationView.swift in Sources */,
				7B9AB0F32D803F84008E469E /* SangSangBookApp.swift in Sources */,
				7B08B0922D813DDD0012FC23 /* HomeViewController.swift in Sources */,
				7B08B0A82D815F2E0012FC23 /* SegmentView.swift in Sources */,
				7B08B0BF2D81AC890012FC23 /* ReservationCardView.swift in Sources */,
				7B08B0B72D8161CD0012FC23 /* EquipmentViewController.swift in Sources */,
				7B08B0B22D8161C00012FC23 /* FacilityViewController.swift in Sources */,
				7B08B0A22D8151300012FC23 /* HeaderView.swift in Sources */,
				7B08B0A42D8151500012FC23 /* RecommendView.swift in Sources */,
			);
			runOnlyForDeploymentPostprocessing = 0;
		};
/* End PBXSourcesBuildPhase section */

/* Begin XCBuildConfiguration section */
		7B9AB0E52D803F76008E469E /* Debug */ = {
			isa = XCBuildConfiguration;
			buildSettings = {
				ALWAYS_SEARCH_USER_PATHS = NO;
				ASSETCATALOG_COMPILER_GENERATE_SWIFT_ASSET_SYMBOL_EXTENSIONS = YES;
				CLANG_ANALYZER_NONNULL = YES;
				CLANG_ANALYZER_NUMBER_OBJECT_CONVERSION = YES_AGGRESSIVE;
				CLANG_CXX_LANGUAGE_STANDARD = "gnu++20";
				CLANG_ENABLE_MODULES = YES;
				CLANG_ENABLE_OBJC_ARC = YES;
				CLANG_ENABLE_OBJC_WEAK = YES;
				CLANG_WARN_BLOCK_CAPTURE_AUTORELEASING = YES;
				CLANG_WARN_BOOL_CONVERSION = YES;
				CLANG_WARN_COMMA = YES;
				CLANG_WARN_CONSTANT_CONVERSION = YES;
				CLANG_WARN_DEPRECATED_OBJC_IMPLEMENTATIONS = YES;
				CLANG_WARN_DIRECT_OBJC_ISA_USAGE = YES_ERROR;
				CLANG_WARN_DOCUMENTATION_COMMENTS = YES;
				CLANG_WARN_EMPTY_BODY = YES;
				CLANG_WARN_ENUM_CONVERSION = YES;
				CLANG_WARN_INFINITE_RECURSION = YES;
				CLANG_WARN_INT_CONVERSION = YES;
				CLANG_WARN_NON_LITERAL_NULL_CONVERSION = YES;
				CLANG_WARN_OBJC_IMPLICIT_RETAIN_SELF = YES;
				CLANG_WARN_OBJC_LITERAL_CONVERSION = YES;
				CLANG_WARN_OBJC_ROOT_CLASS = YES_ERROR;
				CLANG_WARN_QUOTED_INCLUDE_IN_FRAMEWORK_HEADER = YES;
				CLANG_WARN_RANGE_LOOP_ANALYSIS = YES;
				CLANG_WARN_STRICT_PROTOTYPES = YES;
				CLANG_WARN_SUSPICIOUS_MOVE = YES;
				CLANG_WARN_UNGUARDED_AVAILABILITY = YES_AGGRESSIVE;
				CLANG_WARN_UNREACHABLE_CODE = YES;
				CLANG_WARN__DUPLICATE_METHOD_MATCH = YES;
				COPY_PHASE_STRIP = NO;
				DEBUG_INFORMATION_FORMAT = dwarf;
				ENABLE_STRICT_OBJC_MSGSEND = YES;
				ENABLE_TESTABILITY = YES;
				ENABLE_USER_SCRIPT_SANDBOXING = YES;
				GCC_C_LANGUAGE_STANDARD = gnu17;
				GCC_DYNAMIC_NO_PIC = NO;
				GCC_NO_COMMON_BLOCKS = YES;
				GCC_OPTIMIZATION_LEVEL = 0;
				GCC_PREPROCESSOR_DEFINITIONS = (
					"DEBUG=1",
					"$(inherited)",
				);
				GCC_WARN_64_TO_32_BIT_CONVERSION = YES;
				GCC_WARN_ABOUT_RETURN_TYPE = YES_ERROR;
				GCC_WARN_UNDECLARED_SELECTOR = YES;
				GCC_WARN_UNINITIALIZED_AUTOS = YES_AGGRESSIVE;
				GCC_WARN_UNUSED_FUNCTION = YES;
				GCC_WARN_UNUSED_VARIABLE = YES;
				IPHONEOS_DEPLOYMENT_TARGET = 18.2;
				LOCALIZATION_PREFERS_STRING_CATALOGS = YES;
				MTL_ENABLE_DEBUG_INFO = INCLUDE_SOURCE;
				MTL_FAST_MATH = YES;
				ONLY_ACTIVE_ARCH = YES;
				SDKROOT = iphoneos;
				SWIFT_ACTIVE_COMPILATION_CONDITIONS = "DEBUG $(inherited)";
				SWIFT_OPTIMIZATION_LEVEL = "-Onone";
			};
			name = Debug;
		};
		7B9AB0E62D803F76008E469E /* Release */ = {
			isa = XCBuildConfiguration;
			buildSettings = {
				ALWAYS_SEARCH_USER_PATHS = NO;
				ASSETCATALOG_COMPILER_GENERATE_SWIFT_ASSET_SYMBOL_EXTENSIONS = YES;
				CLANG_ANALYZER_NONNULL = YES;
				CLANG_ANALYZER_NUMBER_OBJECT_CONVERSION = YES_AGGRESSIVE;
				CLANG_CXX_LANGUAGE_STANDARD = "gnu++20";
				CLANG_ENABLE_MODULES = YES;
				CLANG_ENABLE_OBJC_ARC = YES;
				CLANG_ENABLE_OBJC_WEAK = YES;
				CLANG_WARN_BLOCK_CAPTURE_AUTORELEASING = YES;
				CLANG_WARN_BOOL_CONVERSION = YES;
				CLANG_WARN_COMMA = YES;
				CLANG_WARN_CONSTANT_CONVERSION = YES;
				CLANG_WARN_DEPRECATED_OBJC_IMPLEMENTATIONS = YES;
				CLANG_WARN_DIRECT_OBJC_ISA_USAGE = YES_ERROR;
				CLANG_WARN_DOCUMENTATION_COMMENTS = YES;
				CLANG_WARN_EMPTY_BODY = YES;
				CLANG_WARN_ENUM_CONVERSION = YES;
				CLANG_WARN_INFINITE_RECURSION = YES;
				CLANG_WARN_INT_CONVERSION = YES;
				CLANG_WARN_NON_LITERAL_NULL_CONVERSION = YES;
				CLANG_WARN_OBJC_IMPLICIT_RETAIN_SELF = YES;
				CLANG_WARN_OBJC_LITERAL_CONVERSION = YES;
				CLANG_WARN_OBJC_ROOT_CLASS = YES_ERROR;
				CLANG_WARN_QUOTED_INCLUDE_IN_FRAMEWORK_HEADER = YES;
				CLANG_WARN_RANGE_LOOP_ANALYSIS = YES;
				CLANG_WARN_STRICT_PROTOTYPES = YES;
				CLANG_WARN_SUSPICIOUS_MOVE = YES;
				CLANG_WARN_UNGUARDED_AVAILABILITY = YES_AGGRESSIVE;
				CLANG_WARN_UNREACHABLE_CODE = YES;
				CLANG_WARN__DUPLICATE_METHOD_MATCH = YES;
				COPY_PHASE_STRIP = NO;
				DEBUG_INFORMATION_FORMAT = "dwarf-with-dsym";
				ENABLE_NS_ASSERTIONS = NO;
				ENABLE_STRICT_OBJC_MSGSEND = YES;
				ENABLE_USER_SCRIPT_SANDBOXING = YES;
				GCC_C_LANGUAGE_STANDARD = gnu17;
				GCC_NO_COMMON_BLOCKS = YES;
				GCC_WARN_64_TO_32_BIT_CONVERSION = YES;
				GCC_WARN_ABOUT_RETURN_TYPE = YES_ERROR;
				GCC_WARN_UNDECLARED_SELECTOR = YES;
				GCC_WARN_UNINITIALIZED_AUTOS = YES_AGGRESSIVE;
				GCC_WARN_UNUSED_FUNCTION = YES;
				GCC_WARN_UNUSED_VARIABLE = YES;
				IPHONEOS_DEPLOYMENT_TARGET = 18.2;
				LOCALIZATION_PREFERS_STRING_CATALOGS = YES;
				MTL_ENABLE_DEBUG_INFO = NO;
				MTL_FAST_MATH = YES;
				SDKROOT = iphoneos;
				SWIFT_COMPILATION_MODE = wholemodule;
				VALIDATE_PRODUCT = YES;
			};
			name = Release;
		};
		7B9AB0E82D803F76008E469E /* Debug */ = {
			isa = XCBuildConfiguration;
			baseConfigurationReference = ACDA431392E59171DEEAD41D /* Pods-SangSangBook.debug.xcconfig */;
			buildSettings = {
				ASSETCATALOG_COMPILER_APPICON_NAME = AppIcon;
				ASSETCATALOG_COMPILER_GLOBAL_ACCENT_COLOR_NAME = AccentColor;
				CODE_SIGN_STYLE = Automatic;
				CURRENT_PROJECT_VERSION = 1;
				DEVELOPMENT_ASSET_PATHS = "\"SangSangBook/Preview Content\"";
				ENABLE_PREVIEWS = YES;
				ENABLE_USER_SCRIPT_SANDBOXING = NO;
				GENERATE_INFOPLIST_FILE = YES;
				INFOPLIST_KEY_UIApplicationSceneManifest_Generation = YES;
				INFOPLIST_KEY_UIApplicationSupportsIndirectInputEvents = YES;
				INFOPLIST_KEY_UILaunchScreen_Generation = YES;
				INFOPLIST_KEY_UISupportedInterfaceOrientations_iPad = "UIInterfaceOrientationPortrait UIInterfaceOrientationPortraitUpsideDown UIInterfaceOrientationLandscapeLeft UIInterfaceOrientationLandscapeRight";
				INFOPLIST_KEY_UISupportedInterfaceOrientations_iPhone = "UIInterfaceOrientationPortrait UIInterfaceOrientationLandscapeLeft UIInterfaceOrientationLandscapeRight";
				LD_RUNPATH_SEARCH_PATHS = (
					"$(inherited)",
					"@executable_path/Frameworks",
				);
				MARKETING_VERSION = 1.0;
				PRODUCT_BUNDLE_IDENTIFIER = com.KKM.SangSangBook;
				PRODUCT_NAME = "$(TARGET_NAME)";
				SWIFT_EMIT_LOC_STRINGS = YES;
				SWIFT_VERSION = 5.0;
				TARGETED_DEVICE_FAMILY = "1,2";
			};
			name = Debug;
		};
		7B9AB0E92D803F76008E469E /* Release */ = {
			isa = XCBuildConfiguration;
			baseConfigurationReference = 74140CE26A4F9AB1B59829BC /* Pods-SangSangBook.release.xcconfig */;
			buildSettings = {
				ASSETCATALOG_COMPILER_APPICON_NAME = AppIcon;
				ASSETCATALOG_COMPILER_GLOBAL_ACCENT_COLOR_NAME = AccentColor;
				CODE_SIGN_STYLE = Automatic;
				CURRENT_PROJECT_VERSION = 1;
				DEVELOPMENT_ASSET_PATHS = "\"SangSangBook/Preview Content\"";
				ENABLE_PREVIEWS = YES;
				ENABLE_USER_SCRIPT_SANDBOXING = NO;
				GENERATE_INFOPLIST_FILE = YES;
				INFOPLIST_KEY_UIApplicationSceneManifest_Generation = YES;
				INFOPLIST_KEY_UIApplicationSupportsIndirectInputEvents = YES;
				INFOPLIST_KEY_UILaunchScreen_Generation = YES;
				INFOPLIST_KEY_UISupportedInterfaceOrientations_iPad = "UIInterfaceOrientationPortrait UIInterfaceOrientationPortraitUpsideDown UIInterfaceOrientationLandscapeLeft UIInterfaceOrientationLandscapeRight";
				INFOPLIST_KEY_UISupportedInterfaceOrientations_iPhone = "UIInterfaceOrientationPortrait UIInterfaceOrientationLandscapeLeft UIInterfaceOrientationLandscapeRight";
				LD_RUNPATH_SEARCH_PATHS = (
					"$(inherited)",
					"@executable_path/Frameworks",
				);
				MARKETING_VERSION = 1.0;
				PRODUCT_BUNDLE_IDENTIFIER = com.KKM.SangSangBook;
				PRODUCT_NAME = "$(TARGET_NAME)";
				SWIFT_EMIT_LOC_STRINGS = YES;
				SWIFT_VERSION = 5.0;
				TARGETED_DEVICE_FAMILY = "1,2";
			};
			name = Release;
		};
/* End XCBuildConfiguration section */

/* Begin XCConfigurationList section */
		7B9AB0D42D803F74008E469E /* Build configuration list for PBXProject "SangSangBook" */ = {
			isa = XCConfigurationList;
			buildConfigurations = (
				7B9AB0E52D803F76008E469E /* Debug */,
				7B9AB0E62D803F76008E469E /* Release */,
			);
			defaultConfigurationIsVisible = 0;
			defaultConfigurationName = Release;
		};
		7B9AB0E72D803F76008E469E /* Build configuration list for PBXNativeTarget "SangSangBook" */ = {
			isa = XCConfigurationList;
			buildConfigurations = (
				7B9AB0E82D803F76008E469E /* Debug */,
				7B9AB0E92D803F76008E469E /* Release */,
			);
			defaultConfigurationIsVisible = 0;
			defaultConfigurationName = Release;
		};
/* End XCConfigurationList section */
	};
	rootObject = 7B9AB0D12D803F74008E469E /* Project object */;
}
